
Microsoft Visual Studio Solution File, Format Version 12.00
Project("{FAE04EC0-301F-11D3-BF4B-00C04F79EFBC}") = "CA.Domain", "CA.Domain\CA.Domain.csproj", "{4945256B-B5F5-4119-A8B6-B7E76FD73956}"
EndProject
Project("{FAE04EC0-301F-11D3-BF4B-00C04F79EFBC}") = "CA.Infrastructure", "CA.Infrastructure\CA.Infrastructure.csproj", "{4556E075-2797-495B-AEF4-16A4BCF17EDF}"
EndProject
Project("{FAE04EC0-301F-11D3-BF4B-00C04F79EFBC}") = "CA.Application", "CA.Application\CA.Application.csproj", "{C015EA4B-1ABF-4FFE-AD11-D79A46573601}"
EndProject
Project("{FAE04EC0-301F-11D3-BF4B-00C04F79EFBC}") = "CA.WebAPI", "CA.WebAPI\CA.WebAPI.csproj", "{6B0C1F77-CCA2-4708-A8BC-1A91162017DF}"
EndProject
Project("{FAE04EC0-301F-11D3-BF4B-00C04F79EFBC}") = "CA.Infrastructure.MessageQueue.Redis", "CA.Infrastructure.MessageQueue.Redis\CA.Infrastructure.MessageQueue.Redis.csproj", "{6BD56676-0D25-432D-9D78-C32DDB25A243}"
EndProject
Project("{FAE04EC0-301F-11D3-BF4B-00C04F79EFBC}") = "CA.Infrastructure.EmailService", "CA.Infrastructure.EmailService\CA.Infrastructure.EmailService.csproj", "{22416D36-247F-4FA2-9361-15A042397F1C}"
EndProject
Global
	GlobalSection(SolutionConfigurationPlatforms) = preSolution
		Debug|Any CPU = Debug|Any CPU
		Release|Any CPU = Release|Any CPU
	EndGlobalSection
	GlobalSection(ProjectConfigurationPlatforms) = postSolution
		{4945256B-B5F5-4119-A8B6-B7E76FD73956}.Debug|Any CPU.ActiveCfg = Debug|Any CPU
		{4945256B-B5F5-4119-A8B6-B7E76FD73956}.Debug|Any CPU.Build.0 = Debug|Any CPU
		{4945256B-B5F5-4119-A8B6-B7E76FD73956}.Release|Any CPU.ActiveCfg = Release|Any CPU
		{4945256B-B5F5-4119-A8B6-B7E76FD73956}.Release|Any CPU.Build.0 = Release|Any CPU
		{4556E075-2797-495B-AEF4-16A4BCF17EDF}.Debug|Any CPU.ActiveCfg = Debug|Any CPU
		{4556E075-2797-495B-AEF4-16A4BCF17EDF}.Debug|Any CPU.Build.0 = Debug|Any CPU
		{4556E075-2797-495B-AEF4-16A4BCF17EDF}.Release|Any CPU.ActiveCfg = Release|Any CPU
		{4556E075-2797-495B-AEF4-16A4BCF17EDF}.Release|Any CPU.Build.0 = Release|Any CPU
		{C015EA4B-1ABF-4FFE-AD11-D79A46573601}.Debug|Any CPU.ActiveCfg = Debug|Any CPU
		{C015EA4B-1ABF-4FFE-AD11-D79A46573601}.Debug|Any CPU.Build.0 = Debug|Any CPU
		{C015EA4B-1ABF-4FFE-AD11-D79A46573601}.Release|Any CPU.ActiveCfg = Release|Any CPU
		{C015EA4B-1ABF-4FFE-AD11-D79A46573601}.Release|Any CPU.Build.0 = Release|Any CPU
		{6B0C1F77-CCA2-4708-A8BC-1A91162017DF}.Debug|Any CPU.ActiveCfg = Debug|Any CPU
		{6B0C1F77-CCA2-4708-A8BC-1A91162017DF}.Debug|Any CPU.Build.0 = Debug|Any CPU
		{6B0C1F77-CCA2-4708-A8BC-1A91162017DF}.Release|Any CPU.ActiveCfg = Release|Any CPU
		{6B0C1F77-CCA2-4708-A8BC-1A91162017DF}.Release|Any CPU.Build.0 = Release|Any CPU
		{6BD56676-0D25-432D-9D78-C32DDB25A243}.Debug|Any CPU.ActiveCfg = Debug|Any CPU
		{6BD56676-0D25-432D-9D78-C32DDB25A243}.Debug|Any CPU.Build.0 = Debug|Any CPU
		{6BD56676-0D25-432D-9D78-C32DDB25A243}.Release|Any CPU.ActiveCfg = Release|Any CPU
		{6BD56676-0D25-432D-9D78-C32DDB25A243}.Release|Any CPU.Build.0 = Release|Any CPU
		{22416D36-247F-4FA2-9361-15A042397F1C}.Debug|Any CPU.ActiveCfg = Debug|Any CPU
		{22416D36-247F-4FA2-9361-15A042397F1C}.Debug|Any CPU.Build.0 = Debug|Any CPU
		{22416D36-247F-4FA2-9361-15A042397F1C}.Release|Any CPU.ActiveCfg = Release|Any CPU
		{22416D36-247F-4FA2-9361-15A042397F1C}.Release|Any CPU.Build.0 = Release|Any CPU
	EndGlobalSection
EndGlobal
